
Microsoft Visual Studio Solution File, Format Version 12.00
# Visual Studio Version 17
VisualStudioVersion = 17.14.36408.4
MinimumVisualStudioVersion = 10.0.40219.1
Project("{8BC9CEB8-8B4A-11D0-8D11-00A0C91BC942}") = "01_Create_Thread", "01_Create_Thread\01_Create_Thread.vcxproj", "{D9966EF9-01B6-4246-8D50-5520A6A80033}"
EndProject
Project("{8BC9CEB8-8B4A-11D0-8D11-00A0C91BC942}") = "00_Threading_Template", "00_Threading_Template\00_Threading_Template.vcxproj", "{8B5A7B38-AB17-4DBE-8A8D-E12D2542040F}"
EndProject
Project("{8BC9CEB8-8B4A-11D0-8D11-00A0C91BC942}") = "02_Join_Detach", "02_Join_Detach\02_Join_Detach.vcxproj", "{B552265D-F467-4917-BE96-DDABA3FA2B03}"
EndProject
Project("{8BC9CEB8-8B4A-11D0-8D11-00A0C91BC942}") = "03_Mutex", "03_Mutex\03_Mutex.vcxproj", "{2E629187-11B1-488A-8678-B7AD26E1DFF4}"
EndProject
Project("{8BC9CEB8-8B4A-11D0-8D11-00A0C91BC942}") = "04_Try_Lock", "04_Try_Lock\04_Try_Lock.vcxproj", "{6E08AAD6-91F4-4C20-B1ED-8C4C8EA434C4}"
EndProject
Project("{8BC9CEB8-8B4A-11D0-8D11-00A0C91BC942}") = "05_Timed_Mutex", "05_Timed_Mutex\05_Timed_Mutex.vcxproj", "{E2F2D9AB-4382-4367-90DD-B7D11CD7E2F9}"
EndProject
Project("{8BC9CEB8-8B4A-11D0-8D11-00A0C91BC942}") = "06_Recursive_Mutex", "06_Recursive_Mutex\06_Recursive_Mutex.vcxproj", "{FB7B4EBC-1341-48D3-925A-5D6259E98139}"
EndProject
Project("{8BC9CEB8-8B4A-11D0-8D11-00A0C91BC942}") = "07_Lock_Guard", "07_Lock_Guard\07_Lock_Guard.vcxproj", "{4F4BE970-0326-4CA1-8F83-867A264E23B4}"
EndProject
Project("{8BC9CEB8-8B4A-11D0-8D11-00A0C91BC942}") = "08_Unique_Lock", "08_Unique_Lock\08_Unique_Lock.vcxproj", "{3E1618B7-F4B1-4FE3-9E3D-5217DA36A885}"
EndProject
Project("{8BC9CEB8-8B4A-11D0-8D11-00A0C91BC942}") = "09_Condition_Variable", "09_Condition_Variable\09_Condition_Variable.vcxproj", "{4C8D7370-2A03-4267-BBCA-9345A94BA50D}"
EndProject
Project("{8BC9CEB8-8B4A-11D0-8D11-00A0C91BC942}") = "10_Thread_Pooling", "10_Thread_Pooling\10_Thread_Pooling.vcxproj", "{BACEE48E-42EF-40B6-BBBF-53AF42C1001C}"
EndProject
Global
	GlobalSection(SolutionConfigurationPlatforms) = preSolution
		Debug|x64 = Debug|x64
		Debug|x86 = Debug|x86
		Release|x64 = Release|x64
		Release|x86 = Release|x86
	EndGlobalSection
	GlobalSection(ProjectConfigurationPlatforms) = postSolution
		{D9966EF9-01B6-4246-8D50-5520A6A80033}.Debug|x64.ActiveCfg = Debug|x64
		{D9966EF9-01B6-4246-8D50-5520A6A80033}.Debug|x64.Build.0 = Debug|x64
		{D9966EF9-01B6-4246-8D50-5520A6A80033}.Debug|x86.ActiveCfg = Debug|Win32
		{D9966EF9-01B6-4246-8D50-5520A6A80033}.Debug|x86.Build.0 = Debug|Win32
		{D9966EF9-01B6-4246-8D50-5520A6A80033}.Release|x64.ActiveCfg = Release|x64
		{D9966EF9-01B6-4246-8D50-5520A6A80033}.Release|x64.Build.0 = Release|x64
		{D9966EF9-01B6-4246-8D50-5520A6A80033}.Release|x86.ActiveCfg = Release|Win32
		{D9966EF9-01B6-4246-8D50-5520A6A80033}.Release|x86.Build.0 = Release|Win32
		{8B5A7B38-AB17-4DBE-8A8D-E12D2542040F}.Debug|x64.ActiveCfg = Debug|x64
		{8B5A7B38-AB17-4DBE-8A8D-E12D2542040F}.Debug|x64.Build.0 = Debug|x64
		{8B5A7B38-AB17-4DBE-8A8D-E12D2542040F}.Debug|x86.ActiveCfg = Debug|Win32
		{8B5A7B38-AB17-4DBE-8A8D-E12D2542040F}.Debug|x86.Build.0 = Debug|Win32
		{8B5A7B38-AB17-4DBE-8A8D-E12D2542040F}.Release|x64.ActiveCfg = Release|x64
		{8B5A7B38-AB17-4DBE-8A8D-E12D2542040F}.Release|x64.Build.0 = Release|x64
		{8B5A7B38-AB17-4DBE-8A8D-E12D2542040F}.Release|x86.ActiveCfg = Release|Win32
		{8B5A7B38-AB17-4DBE-8A8D-E12D2542040F}.Release|x86.Build.0 = Release|Win32
		{B552265D-F467-4917-BE96-DDABA3FA2B03}.Debug|x64.ActiveCfg = Debug|x64
		{B552265D-F467-4917-BE96-DDABA3FA2B03}.Debug|x64.Build.0 = Debug|x64
		{B552265D-F467-4917-BE96-DDABA3FA2B03}.Debug|x86.ActiveCfg = Debug|Win32
		{B552265D-F467-4917-BE96-DDABA3FA2B03}.Debug|x86.Build.0 = Debug|Win32
		{B552265D-F467-4917-BE96-DDABA3FA2B03}.Release|x64.ActiveCfg = Release|x64
		{B552265D-F467-4917-BE96-DDABA3FA2B03}.Release|x64.Build.0 = Release|x64
		{B552265D-F467-4917-BE96-DDABA3FA2B03}.Release|x86.ActiveCfg = Release|Win32
		{B552265D-F467-4917-BE96-DDABA3FA2B03}.Release|x86.Build.0 = Release|Win32
		{2E629187-11B1-488A-8678-B7AD26E1DFF4}.Debug|x64.ActiveCfg = Debug|x64
		{2E629187-11B1-488A-8678-B7AD26E1DFF4}.Debug|x64.Build.0 = Debug|x64
		{2E629187-11B1-488A-8678-B7AD26E1DFF4}.Debug|x86.ActiveCfg = Debug|Win32
		{2E629187-11B1-488A-8678-B7AD26E1DFF4}.Debug|x86.Build.0 = Debug|Win32
		{2E629187-11B1-488A-8678-B7AD26E1DFF4}.Release|x64.ActiveCfg = Release|x64
		{2E629187-11B1-488A-8678-B7AD26E1DFF4}.Release|x64.Build.0 = Release|x64
		{2E629187-11B1-488A-8678-B7AD26E1DFF4}.Release|x86.ActiveCfg = Release|Win32
		{2E629187-11B1-488A-8678-B7AD26E1DFF4}.Release|x86.Build.0 = Release|Win32
		{6E08AAD6-91F4-4C20-B1ED-8C4C8EA434C4}.Debug|x64.ActiveCfg = Debug|x64
		{6E08AAD6-91F4-4C20-B1ED-8C4C8EA434C4}.Debug|x64.Build.0 = Debug|x64
		{6E08AAD6-91F4-4C20-B1ED-8C4C8EA434C4}.Debug|x86.ActiveCfg = Debug|Win32
		{6E08AAD6-91F4-4C20-B1ED-8C4C8EA434C4}.Debug|x86.Build.0 = Debug|Win32
		{6E08AAD6-91F4-4C20-B1ED-8C4C8EA434C4}.Release|x64.ActiveCfg = Release|x64
		{6E08AAD6-91F4-4C20-B1ED-8C4C8EA434C4}.Release|x64.Build.0 = Release|x64
		{6E08AAD6-91F4-4C20-B1ED-8C4C8EA434C4}.Release|x86.ActiveCfg = Release|Win32
		{6E08AAD6-91F4-4C20-B1ED-8C4C8EA434C4}.Release|x86.Build.0 = Release|Win32
		{E2F2D9AB-4382-4367-90DD-B7D11CD7E2F9}.Debug|x64.ActiveCfg = Debug|x64
		{E2F2D9AB-4382-4367-90DD-B7D11CD7E2F9}.Debug|x64.Build.0 = Debug|x64
		{E2F2D9AB-4382-4367-90DD-B7D11CD7E2F9}.Debug|x86.ActiveCfg = Debug|Win32
		{E2F2D9AB-4382-4367-90DD-B7D11CD7E2F9}.Debug|x86.Build.0 = Debug|Win32
		{E2F2D9AB-4382-4367-90DD-B7D11CD7E2F9}.Release|x64.ActiveCfg = Release|x64
		{E2F2D9AB-4382-4367-90DD-B7D11CD7E2F9}.Release|x64.Build.0 = Release|x64
		{E2F2D9AB-4382-4367-90DD-B7D11CD7E2F9}.Release|x86.ActiveCfg = Release|Win32
		{E2F2D9AB-4382-4367-90DD-B7D11CD7E2F9}.Release|x86.Build.0 = Release|Win32
		{FB7B4EBC-1341-48D3-925A-5D6259E98139}.Debug|x64.ActiveCfg = Debug|x64
		{FB7B4EBC-1341-48D3-925A-5D6259E98139}.Debug|x64.Build.0 = Debug|x64
		{FB7B4EBC-1341-48D3-925A-5D6259E98139}.Debug|x86.ActiveCfg = Debug|Win32
		{FB7B4EBC-1341-48D3-925A-5D6259E98139}.Debug|x86.Build.0 = Debug|Win32
		{FB7B4EBC-1341-48D3-925A-5D6259E98139}.Release|x64.ActiveCfg = Release|x64
		{FB7B4EBC-1341-48D3-925A-5D6259E98139}.Release|x64.Build.0 = Release|x64
		{FB7B4EBC-1341-48D3-925A-5D6259E98139}.Release|x86.ActiveCfg = Release|Win32
		{FB7B4EBC-1341-48D3-925A-5D6259E98139}.Release|x86.Build.0 = Release|Win32
		{4F4BE970-0326-4CA1-8F83-867A264E23B4}.Debug|x64.ActiveCfg = Debug|x64
		{4F4BE970-0326-4CA1-8F83-867A264E23B4}.Debug|x64.Build.0 = Debug|x64
		{4F4BE970-0326-4CA1-8F83-867A264E23B4}.Debug|x86.ActiveCfg = Debug|Win32
		{4F4BE970-0326-4CA1-8F83-867A264E23B4}.Debug|x86.Build.0 = Debug|Win32
		{4F4BE970-0326-4CA1-8F83-867A264E23B4}.Release|x64.ActiveCfg = Release|x64
		{4F4BE970-0326-4CA1-8F83-867A264E23B4}.Release|x64.Build.0 = Release|x64
		{4F4BE970-0326-4CA1-8F83-867A264E23B4}.Release|x86.ActiveCfg = Release|Win32
		{4F4BE970-0326-4CA1-8F83-867A264E23B4}.Release|x86.Build.0 = Release|Win32
		{3E1618B7-F4B1-4FE3-9E3D-5217DA36A885}.Debug|x64.ActiveCfg = Debug|x64
		{3E1618B7-F4B1-4FE3-9E3D-5217DA36A885}.Debug|x64.Build.0 = Debug|x64
		{3E1618B7-F4B1-4FE3-9E3D-5217DA36A885}.Debug|x86.ActiveCfg = Debug|Win32
		{3E1618B7-F4B1-4FE3-9E3D-5217DA36A885}.Debug|x86.Build.0 = Debug|Win32
		{3E1618B7-F4B1-4FE3-9E3D-5217DA36A885}.Release|x64.ActiveCfg = Release|x64
		{3E1618B7-F4B1-4FE3-9E3D-5217DA36A885}.Release|x64.Build.0 = Release|x64
		{3E1618B7-F4B1-4FE3-9E3D-5217DA36A885}.Release|x86.ActiveCfg = Release|Win32
		{3E1618B7-F4B1-4FE3-9E3D-5217DA36A885}.Release|x86.Build.0 = Release|Win32
		{4C8D7370-2A03-4267-BBCA-9345A94BA50D}.Debug|x64.ActiveCfg = Debug|x64
		{4C8D7370-2A03-4267-BBCA-9345A94BA50D}.Debug|x64.Build.0 = Debug|x64
		{4C8D7370-2A03-4267-BBCA-9345A94BA50D}.Debug|x86.ActiveCfg = Debug|Win32
		{4C8D7370-2A03-4267-BBCA-9345A94BA50D}.Debug|x86.Build.0 = Debug|Win32
		{4C8D7370-2A03-4267-BBCA-9345A94BA50D}.Release|x64.ActiveCfg = Release|x64
		{4C8D7370-2A03-4267-BBCA-9345A94BA50D}.Release|x64.Build.0 = Release|x64
		{4C8D7370-2A03-4267-BBCA-9345A94BA50D}.Release|x86.ActiveCfg = Release|Win32
		{4C8D7370-2A03-4267-BBCA-9345A94BA50D}.Release|x86.Build.0 = Release|Win32
		{BACEE48E-42EF-40B6-BBBF-53AF42C1001C}.Debug|x64.ActiveCfg = Debug|x64
		{BACEE48E-42EF-40B6-BBBF-53AF42C1001C}.Debug|x64.Build.0 = Debug|x64
		{BACEE48E-42EF-40B6-BBBF-53AF42C1001C}.Debug|x86.ActiveCfg = Debug|Win32
		{BACEE48E-42EF-40B6-BBBF-53AF42C1001C}.Debug|x86.Build.0 = Debug|Win32
		{BACEE48E-42EF-40B6-BBBF-53AF42C1001C}.Release|x64.ActiveCfg = Release|x64
		{BACEE48E-42EF-40B6-BBBF-53AF42C1001C}.Release|x64.Build.0 = Release|x64
		{BACEE48E-42EF-40B6-BBBF-53AF42C1001C}.Release|x86.ActiveCfg = Release|Win32
		{BACEE48E-42EF-40B6-BBBF-53AF42C1001C}.Release|x86.Build.0 = Release|Win32
	EndGlobalSection
	GlobalSection(SolutionProperties) = preSolution
		HideSolutionNode = FALSE
	EndGlobalSection
	GlobalSection(ExtensibilityGlobals) = postSolution
		SolutionGuid = {69070AF9-CA49-4EFF-B899-519D7FF3C6AF}
	EndGlobalSection
EndGlobal
